# THIS IS AN AUTOGENERATED FILE. DO NOT EDIT THIS FILE DIRECTLY.
# yarn lockfile v1


sonic-channel@^1.2.6:
  version "1.2.6"
  resolved "https://registry.yarnpkg.com/sonic-channel/-/sonic-channel-1.2.6.tgz#b8ae761eeaa5a3854f073f0865309103d2eefb52"
  integrity sha512-vJaC27/bYvd2v2ZKx6njHoQGxoLOHLjXHc7XF+3BAyNSULJ/A1lYyJkCdVgskvpIfpX5khpsg0aWAT4sORppSA==

uuid@^8.3.2:
  version "8.3.2"
  resolved "https://registry.yarnpkg.com/uuid/-/uuid-8.3.2.tgz#80d5b5ced271bb9af6c445f21a1a04c606cefbe2"
  integrity sha512-+NYs2QeMWy+GWFOEm9xnn6HCDp0l7QBD7ml8zLUmJ+93Q5NF0NocErnwkTkXVFNiX3/fpC6afS8Dhb/gz7R7eg==
